
Microsoft Visual Studio Solution File, Format Version 12.00
# Visual Studio Version 16
VisualStudioVersion = 16.0.29709.97
MinimumVisualStudioVersion = 10.0.40219.1
Project("{F184B08F-C81C-45F6-A57F-5ABD9991F28F}") = "ConsoleApp1", "ConsoleApp1\ConsoleApp1.vbproj", "{DD7D4114-DA93-4867-A887-ED5804426CD4}"
EndProject
Global
	GlobalSection(SolutionConfigurationPlatforms) = preSolution
		Debug|Any CPU = Debug|Any CPU
		Release|Any CPU = Release|Any CPU
	EndGlobalSection
	GlobalSection(ProjectConfigurationPlatforms) = postSolution
		{DD7D4114-DA93-4867-A887-ED5804426CD4}.Debug|Any CPU.ActiveCfg = Debug|Any CPU
		{DD7D4114-DA93-4867-A887-ED5804426CD4}.Debug|Any CPU.Build.0 = Debug|Any CPU
		{DD7D4114-DA93-4867-A887-ED5804426CD4}.Release|Any CPU.ActiveCfg = Release|Any CPU
		{DD7D4114-DA93-4867-A887-ED5804426CD4}.Release|Any CPU.Build.0 = Release|Any CPU
	EndGlobalSection
	GlobalSection(SolutionProperties) = preSolution
		HideSolutionNode = FALSE
	EndGlobalSection
	GlobalSection(ExtensibilityGlobals) = postSolution
		SolutionGuid = {CDD3B26B-2087-48AB-B94F-7E650D67A400}
	EndGlobalSection
EndGlobal
