
Microsoft Visual Studio Solution File, Format Version 12.00
# Visual Studio Version 16
VisualStudioVersion = 16.0.29709.97
MinimumVisualStudioVersion = 10.0.40219.1
Project("{F184B08F-C81C-45F6-A57F-5ABD9991F28F}") = "FormulaExample", "FormulaExample\FormulaExample.vbproj", "{6D66558F-81AB-4115-931D-04A67DC0D9CD}"
EndProject
Global
	GlobalSection(SolutionConfigurationPlatforms) = preSolution
		Debug|Any CPU = Debug|Any CPU
		Release|Any CPU = Release|Any CPU
	EndGlobalSection
	GlobalSection(ProjectConfigurationPlatforms) = postSolution
		{6D66558F-81AB-4115-931D-04A67DC0D9CD}.Debug|Any CPU.ActiveCfg = Debug|Any CPU
		{6D66558F-81AB-4115-931D-04A67DC0D9CD}.Debug|Any CPU.Build.0 = Debug|Any CPU
		{6D66558F-81AB-4115-931D-04A67DC0D9CD}.Release|Any CPU.ActiveCfg = Release|Any CPU
		{6D66558F-81AB-4115-931D-04A67DC0D9CD}.Release|Any CPU.Build.0 = Release|Any CPU
	EndGlobalSection
	GlobalSection(SolutionProperties) = preSolution
		HideSolutionNode = FALSE
	EndGlobalSection
	GlobalSection(ExtensibilityGlobals) = postSolution
		SolutionGuid = {0C6E934C-5FDC-4C81-9E18-28597AA4EC35}
	EndGlobalSection
EndGlobal
