
Microsoft Visual Studio Solution File, Format Version 12.00
# Visual Studio Version 16
VisualStudioVersion = 16.0.29709.97
MinimumVisualStudioVersion = 10.0.40219.1
Project("{F184B08F-C81C-45F6-A57F-5ABD9991F28F}") = "Random Number Generator", "Random Number Generator\Random Number Generator.vbproj", "{D3446878-C4AA-40FD-A66E-3164E4E7DE99}"
EndProject
Global
	GlobalSection(SolutionConfigurationPlatforms) = preSolution
		Debug|Any CPU = Debug|Any CPU
		Release|Any CPU = Release|Any CPU
	EndGlobalSection
	GlobalSection(ProjectConfigurationPlatforms) = postSolution
		{D3446878-C4AA-40FD-A66E-3164E4E7DE99}.Debug|Any CPU.ActiveCfg = Debug|Any CPU
		{D3446878-C4AA-40FD-A66E-3164E4E7DE99}.Debug|Any CPU.Build.0 = Debug|Any CPU
		{D3446878-C4AA-40FD-A66E-3164E4E7DE99}.Release|Any CPU.ActiveCfg = Release|Any CPU
		{D3446878-C4AA-40FD-A66E-3164E4E7DE99}.Release|Any CPU.Build.0 = Release|Any CPU
	EndGlobalSection
	GlobalSection(SolutionProperties) = preSolution
		HideSolutionNode = FALSE
	EndGlobalSection
	GlobalSection(ExtensibilityGlobals) = postSolution
		SolutionGuid = {5E09BF09-2156-44B9-B451-62290B55EA1C}
	EndGlobalSection
EndGlobal
